
Microsoft Visual Studio Solution File, Format Version 12.00
# Visual Studio 14
VisualStudioVersion = 14.0.25420.1
MinimumVisualStudioVersion = 10.0.40219.1
Project("{FAE04EC0-301F-11D3-BF4B-00C04F79EFBC}") = "CSharpDesignPatternDemo", "CSharpDesignPatternDemo\CSharpDesignPatternDemo.csproj", "{AA113DB3-4117-4526-9197-11E33209CBFB}"
EndProject
Global
	GlobalSection(SolutionConfigurationPlatforms) = preSolution
		Debug|Any CPU = Debug|Any CPU
		Release|Any CPU = Release|Any CPU
	EndGlobalSection
	GlobalSection(ProjectConfigurationPlatforms) = postSolution
		{AA113DB3-4117-4526-9197-11E33209CBFB}.Debug|Any CPU.ActiveCfg = Debug|Any CPU
		{AA113DB3-4117-4526-9197-11E33209CBFB}.Debug|Any CPU.Build.0 = Debug|Any CPU
		{AA113DB3-4117-4526-9197-11E33209CBFB}.Release|Any CPU.ActiveCfg = Release|Any CPU
		{AA113DB3-4117-4526-9197-11E33209CBFB}.Release|Any CPU.Build.0 = Release|Any CPU
	EndGlobalSection
	GlobalSection(SolutionProperties) = preSolution
		HideSolutionNode = FALSE
	EndGlobalSection
EndGlobal
